
Microsoft Visual Studio Solution File, Format Version 12.00
# Visual Studio 15
VisualStudioVersion = 15.0.28307.329
MinimumVisualStudioVersion = 10.0.40219.1
Project("{FAE04EC0-301F-11D3-BF4B-00C04F79EFBC}") = "Task3", "Task3\Task3.csproj", "{1058FE64-01DC-454C-B60E-1FF9A8DA8477}"
EndProject
Global
	GlobalSection(SolutionConfigurationPlatforms) = preSolution
		Debug|Any CPU = Debug|Any CPU
		Release|Any CPU = Release|Any CPU
	EndGlobalSection
	GlobalSection(ProjectConfigurationPlatforms) = postSolution
		{1058FE64-01DC-454C-B60E-1FF9A8DA8477}.Debug|Any CPU.ActiveCfg = Debug|Any CPU
		{1058FE64-01DC-454C-B60E-1FF9A8DA8477}.Debug|Any CPU.Build.0 = Debug|Any CPU
		{1058FE64-01DC-454C-B60E-1FF9A8DA8477}.Release|Any CPU.ActiveCfg = Release|Any CPU
		{1058FE64-01DC-454C-B60E-1FF9A8DA8477}.Release|Any CPU.Build.0 = Release|Any CPU
	EndGlobalSection
	GlobalSection(SolutionProperties) = preSolution
		HideSolutionNode = FALSE
	EndGlobalSection
	GlobalSection(ExtensibilityGlobals) = postSolution
		SolutionGuid = {2444B044-A635-4C05-9C12-F8C034282454}
	EndGlobalSection
EndGlobal
