
Microsoft Visual Studio Solution File, Format Version 12.00
# Visual Studio 15
VisualStudioVersion = 15.0.28307.329
MinimumVisualStudioVersion = 10.0.40219.1
Project("{FAE04EC0-301F-11D3-BF4B-00C04F79EFBC}") = "studentnameid", "Example1L4\studentnameid.csproj", "{38DE9B8D-7851-414A-BDFD-3CD1AC3892A4}"
EndProject
Project("{FAE04EC0-301F-11D3-BF4B-00C04F79EFBC}") = "complexnAida", "complexnAida\complexnAida.csproj", "{4710F56F-7B76-4A94-A1AF-A56D4852843D}"
EndProject
Project("{FAE04EC0-301F-11D3-BF4B-00C04F79EFBC}") = "order", "order\order.csproj", "{2198DE53-4F85-427F-B509-85F926D21184}"
EndProject
Project("{FAE04EC0-301F-11D3-BF4B-00C04F79EFBC}") = "getstudent's id", "getstudent's id\getstudent's id.csproj", "{3BBC28E3-8721-43A9-85D3-9408E1211775}"
EndProject
Project("{FAE04EC0-301F-11D3-BF4B-00C04F79EFBC}") = "getname", "getname\getname.csproj", "{892DF4A3-CF97-46B2-BB36-78017640163E}"
EndProject
Project("{FAE04EC0-301F-11D3-BF4B-00C04F79EFBC}") = "employee50k", "employee50k\employee50k.csproj", "{07D21D0A-DE6F-483B-A02B-685829AB48F1}"
EndProject
Project("{FAE04EC0-301F-11D3-BF4B-00C04F79EFBC}") = "WQserialization", "..\..\..\..\Downloads\15647NeonBand.RarZipExtractorPro_g3b9h1p9bdemw!App\ConsoleApp36\ConsoleApp36\ConsoleApp36\WQserialization.csproj", "{C9260DE1-68E7-462A-9E37-6A84129F69BF}"
EndProject
Global
	GlobalSection(SolutionConfigurationPlatforms) = preSolution
		Debug|Any CPU = Debug|Any CPU
		Release|Any CPU = Release|Any CPU
	EndGlobalSection
	GlobalSection(ProjectConfigurationPlatforms) = postSolution
		{38DE9B8D-7851-414A-BDFD-3CD1AC3892A4}.Debug|Any CPU.ActiveCfg = Debug|Any CPU
		{38DE9B8D-7851-414A-BDFD-3CD1AC3892A4}.Debug|Any CPU.Build.0 = Debug|Any CPU
		{38DE9B8D-7851-414A-BDFD-3CD1AC3892A4}.Release|Any CPU.ActiveCfg = Release|Any CPU
		{38DE9B8D-7851-414A-BDFD-3CD1AC3892A4}.Release|Any CPU.Build.0 = Release|Any CPU
		{4710F56F-7B76-4A94-A1AF-A56D4852843D}.Debug|Any CPU.ActiveCfg = Debug|Any CPU
		{4710F56F-7B76-4A94-A1AF-A56D4852843D}.Debug|Any CPU.Build.0 = Debug|Any CPU
		{4710F56F-7B76-4A94-A1AF-A56D4852843D}.Release|Any CPU.ActiveCfg = Release|Any CPU
		{4710F56F-7B76-4A94-A1AF-A56D4852843D}.Release|Any CPU.Build.0 = Release|Any CPU
		{2198DE53-4F85-427F-B509-85F926D21184}.Debug|Any CPU.ActiveCfg = Debug|Any CPU
		{2198DE53-4F85-427F-B509-85F926D21184}.Debug|Any CPU.Build.0 = Debug|Any CPU
		{2198DE53-4F85-427F-B509-85F926D21184}.Release|Any CPU.ActiveCfg = Release|Any CPU
		{2198DE53-4F85-427F-B509-85F926D21184}.Release|Any CPU.Build.0 = Release|Any CPU
		{3BBC28E3-8721-43A9-85D3-9408E1211775}.Debug|Any CPU.ActiveCfg = Debug|Any CPU
		{3BBC28E3-8721-43A9-85D3-9408E1211775}.Debug|Any CPU.Build.0 = Debug|Any CPU
		{3BBC28E3-8721-43A9-85D3-9408E1211775}.Release|Any CPU.ActiveCfg = Release|Any CPU
		{3BBC28E3-8721-43A9-85D3-9408E1211775}.Release|Any CPU.Build.0 = Release|Any CPU
		{892DF4A3-CF97-46B2-BB36-78017640163E}.Debug|Any CPU.ActiveCfg = Debug|Any CPU
		{892DF4A3-CF97-46B2-BB36-78017640163E}.Debug|Any CPU.Build.0 = Debug|Any CPU
		{892DF4A3-CF97-46B2-BB36-78017640163E}.Release|Any CPU.ActiveCfg = Release|Any CPU
		{892DF4A3-CF97-46B2-BB36-78017640163E}.Release|Any CPU.Build.0 = Release|Any CPU
		{07D21D0A-DE6F-483B-A02B-685829AB48F1}.Debug|Any CPU.ActiveCfg = Debug|Any CPU
		{07D21D0A-DE6F-483B-A02B-685829AB48F1}.Debug|Any CPU.Build.0 = Debug|Any CPU
		{07D21D0A-DE6F-483B-A02B-685829AB48F1}.Release|Any CPU.ActiveCfg = Release|Any CPU
		{07D21D0A-DE6F-483B-A02B-685829AB48F1}.Release|Any CPU.Build.0 = Release|Any CPU
		{C9260DE1-68E7-462A-9E37-6A84129F69BF}.Debug|Any CPU.ActiveCfg = Debug|Any CPU
		{C9260DE1-68E7-462A-9E37-6A84129F69BF}.Debug|Any CPU.Build.0 = Debug|Any CPU
		{C9260DE1-68E7-462A-9E37-6A84129F69BF}.Release|Any CPU.ActiveCfg = Release|Any CPU
		{C9260DE1-68E7-462A-9E37-6A84129F69BF}.Release|Any CPU.Build.0 = Release|Any CPU
	EndGlobalSection
	GlobalSection(SolutionProperties) = preSolution
		HideSolutionNode = FALSE
	EndGlobalSection
	GlobalSection(ExtensibilityGlobals) = postSolution
		SolutionGuid = {56E82A84-F4CC-4201-A0A6-B5B28368DB8E}
	EndGlobalSection
EndGlobal
